
Microsoft Visual Studio Solution File, Format Version 12.00
# Visual Studio Version 16
VisualStudioVersion = 16.0.31105.61
MinimumVisualStudioVersion = 10.0.40219.1
Project("{9A19103F-16F7-4668-BE54-9A1E7A4F7556}") = "Monolithic", "Monolithic\Monolithic.csproj", "{15A79A00-491D-4477-98C6-61E5A96B61AF}"
EndProject
Project("{9A19103F-16F7-4668-BE54-9A1E7A4F7556}") = "BooksService", "BooksService\BooksService.csproj", "{8C7ACFEB-8FAA-4139-8E28-6DA18B4CF681}"
EndProject
Project("{9A19103F-16F7-4668-BE54-9A1E7A4F7556}") = "API_Gateway", "API_Gateway\API_Gateway.csproj", "{384E81CC-00EA-4B06-B6B3-C394D398CAD4}"
EndProject
Project("{FAE04EC0-301F-11D3-BF4B-00C04F79EFBC}") = "AuthorsService", "AuthorsService\AuthorsService.csproj", "{E2692936-8C14-4E23-BBD1-096825ACA56C}"
EndProject
Global
	GlobalSection(SolutionConfigurationPlatforms) = preSolution
		Debug|Any CPU = Debug|Any CPU
		Release|Any CPU = Release|Any CPU
	EndGlobalSection
	GlobalSection(ProjectConfigurationPlatforms) = postSolution
		{15A79A00-491D-4477-98C6-61E5A96B61AF}.Debug|Any CPU.ActiveCfg = Debug|Any CPU
		{15A79A00-491D-4477-98C6-61E5A96B61AF}.Debug|Any CPU.Build.0 = Debug|Any CPU
		{15A79A00-491D-4477-98C6-61E5A96B61AF}.Release|Any CPU.ActiveCfg = Release|Any CPU
		{15A79A00-491D-4477-98C6-61E5A96B61AF}.Release|Any CPU.Build.0 = Release|Any CPU
		{8C7ACFEB-8FAA-4139-8E28-6DA18B4CF681}.Debug|Any CPU.ActiveCfg = Debug|Any CPU
		{8C7ACFEB-8FAA-4139-8E28-6DA18B4CF681}.Debug|Any CPU.Build.0 = Debug|Any CPU
		{8C7ACFEB-8FAA-4139-8E28-6DA18B4CF681}.Release|Any CPU.ActiveCfg = Release|Any CPU
		{8C7ACFEB-8FAA-4139-8E28-6DA18B4CF681}.Release|Any CPU.Build.0 = Release|Any CPU
		{384E81CC-00EA-4B06-B6B3-C394D398CAD4}.Debug|Any CPU.ActiveCfg = Debug|Any CPU
		{384E81CC-00EA-4B06-B6B3-C394D398CAD4}.Debug|Any CPU.Build.0 = Debug|Any CPU
		{384E81CC-00EA-4B06-B6B3-C394D398CAD4}.Release|Any CPU.ActiveCfg = Release|Any CPU
		{384E81CC-00EA-4B06-B6B3-C394D398CAD4}.Release|Any CPU.Build.0 = Release|Any CPU
		{E2692936-8C14-4E23-BBD1-096825ACA56C}.Debug|Any CPU.ActiveCfg = Debug|Any CPU
		{E2692936-8C14-4E23-BBD1-096825ACA56C}.Debug|Any CPU.Build.0 = Debug|Any CPU
		{E2692936-8C14-4E23-BBD1-096825ACA56C}.Release|Any CPU.ActiveCfg = Release|Any CPU
		{E2692936-8C14-4E23-BBD1-096825ACA56C}.Release|Any CPU.Build.0 = Release|Any CPU
	EndGlobalSection
	GlobalSection(SolutionProperties) = preSolution
		HideSolutionNode = FALSE
	EndGlobalSection
	GlobalSection(ExtensibilityGlobals) = postSolution
		SolutionGuid = {E89996DD-35A7-4855-9995-EA0CCB066716}
	EndGlobalSection
EndGlobal
